# This file is automatically @generated by Cargo.
# It is not intended for manual editing.
version = 3

[[package]]
name = "blockchain-node"
version = "0.1.0"
dependencies = [
 "async-trait",
 "chrono",
 "config",
 "crossbeam-channel",
 "dashmap",
 "dotenv",
 "ethers",
 "ethers-contract",
 "ethers-core",
 "ethers-providers",
 "ethers-signers",
 "hex",
 "rdkafka",
 "redis",
 "reqwest",
 "serde",
 "serde_json",
 "sha3",
 "sqlx",
 "thiserror",
 "tokio",
 "tracing",
 "tracing-subscriber",
 "uuid",
 "web3",
]
