{
  "name": "admin-dashboard",
  "version": "1.0.0",
  "lockfileVersion": 3,
  "requires": true,
  "packages": {
    "": {
      "name": "admin-dashboard",
      "version": "1.0.0",
      "dependencies": {
        "axios": "^1.6.0",
        "compression": "^1.7.4",
        "cors": "^2.8.5",
        "express": "^4.18.2",
        "helmet": "^7.1.0",
        "socket.io": "^4.7.4"
      },
      "devDependencies": {
        "nodemon": "^3.0.1"
      }
    },
    "node_modules/axios": {
      "version": "1.6.0",
      "resolved": "https://registry.npmjs.org/axios/-/axios-1.6.0.tgz",
      "integrity": "sha512-27aK0JmSX0tNeHfspGzuyWDTXDOsxqJzS4WzGsM5xGie5lE+7Qx+bAcrLJqSJITWf2Q+IdAXX87a5WOzL3LJYA==",
      "dependencies": {
        "follow-redirects": "^1.15.4",
        "proxy-from-env": "^1.1.0"
      }
    },
    "node_modules/compression": {
      "version": "1.7.4",
      "resolved": "https://registry.npmjs.org/compression/-/compression-1.7.4.tgz",
      "integrity": "sha512-jaS515zYdR+706KSwAJ6lK3+q2IwG71hyzls3/BV+6+qH2T5K4LgDVe5PLT2h2eK4q+Oa6I/+UVmjGzTtRzYA==",
      "dependencies": {
        "accepts": "~1.3.8",
        "bytes": "3.1.2",
        "compressible": "~2.0.18",
        "on-headers": "~1.0.2",
        "safe-buffer": "5.2.1",
        "vary": "~1.1.2"
      },
      "engines": {
        "node": ">= 0.8.0"
      }
    },
    "node_modules/cors": {
      "version": "2.8.5",
      "resolved": "https://registry.npmjs.org/cors/-/cors-2.8.5.tgz",
      "integrity": "sha512-KQbRao4Zpw9W+1lwZ/9H9zue4z3Sh7i1jBfAX36aR1Vvp/4oSvKxJ2arcz2ZvCjVrqSJzL8F2wF1tFf2ZqZ6A==",
      "dependencies": {
        "object-assign": "^4",
        "vary": "^1"
      },
      "engines": {
        "node": ">= 0.10"
      }
    },
    "node_modules/express": {
      "version": "4.18.2",
      "resolved": "https://registry.npmjs.org/express/-/express-4.18.2.tgz",
      "integrity": "sha512-5/PsL6iGPdfQ/lKM1UuielYgv3BUoJfz1aUwU9vHZ+J7jyv02c2fT45qkVYdGPky9c2EX0ScdpF/AuQ+HWqA==",
      "dependencies": {
        "accepts": "~1.3.8",
        "array-flatten": "1.1.1",
        "body-parser": "1.20.2",
        "bytes": "3.1.2",
        "content-disposition": "0.5.4",
        "content-type": "~1.0.5",
        "cookie": "0.5.0",
        "cookie-signature": "1.0.6",
        "debug": "2.6.9",
        "depd": "2.0.0",
        "destroy": "1.2.0",
        "ee-first": "1.1.1",
        "encodeurl": "~1.0.2",
        "escape-html": "~1.0.3",
        "etag": "~1.8.1",
        "finalhandler": "1.2.0",
        "forwarded": "0.2.0",
        "fresh": "0.5.2",
        "function-bind": "~1.1.1",
        "get-intrinsic": "~1.2.1",
        "has": "~1.0.3",
        "has-proto": "~1.0.1",
        "has-symbols": "~1.0.3",
        "http-errors": "2.0.0",
        "iconv-lite": "0.6.3",
        "inherits": "2.0.4",
        "ipaddr.js": "1.9.1",
        "media-typer": "0.3.0",
        "merge-descriptors": "1.0.1",
        "methods": "~1.1.2",
        "mime": "1.6.0",
        "mime-db": "1.52.0",
        "mime-types": "~2.1.35",
        "ms": "2.0.0",
        "ms": "2.1.3",
        "negotiator": "0.6.3",
        "object-inspect": "~1.12.3",
        "on-finished": "2.4.1",
        "parseurl": "~1.3.3",
        "path-to-regexp": "0.1.7",
        "proxy-addr": "~2.0.7",
        "qs": "6.11.0",
        "range-parser": "~1.2.1",
        "safe-buffer": "5.2.1",
        "safer-buffer": "2.1.2",
        "send": "0.18.0",
        "serve-static": "1.15.0",
        "setprototypeof": "1.2.0",
        "side-channel": "1.0.4",
        "statuses": "2.0.1",
        "toidentifier": "1.0.1",
        "type-is": "~1.6.4",
        "unpipe": "1.0.0",
        "utils-merge": "1.0.1",
        "vary": "~1.1.2"
      },
      "engines": {
        "node": ">= 0.10.0"
      }
    },
    "node_modules/helmet": {
      "version": "7.1.0",
      "resolved": "https://registry.npmjs.org/helmet/-/helmet-7.1.0.tgz",
      "integrity": "sha512-+p0bSm2FOMoQhEFwmvkgmS5mkGlO6xSXzitpEIf7Ttx8Dy/daZTxk3ZW1iwsI7Neoqs52m5aodXdFI/56JQ==",
      "dependencies": {
        "helmet-core": "^7.1.0"
      },
      "engines": {
        "node": ">=12.0.0"
      }
    },
    "node_modules/helmet-core": {
      "version": "7.1.0",
      "resolved": "https://registry.npmjs.org/helmet-core/-/helmet-core-7.1.0.tgz",
      "integrity": "sha512-+p0bSm2FOMoQhEFwmvkgmS5mkGlO6xSXzitpEIf7Ttx8Dy/daZTxk3ZW1iwsI7Neoqs52m5aodXdFI/56JQ==",
      "dependencies": {
        "dns-packet": "^5.6.1",
        "helmet-cross-origin-embedder-policy": "^1.0.2",
        "helmet-cross-origin-opener-policy": "^1.0.2",
        "helmet-cross-origin-resource-policy": "^1.0.2",
        "helmet-dns-prefetch-control": "^1.1.0",
        "helmet-expect-ct": "^1.0.2",
        "helmet-frameguard": "^1.1.0",
        "helmet-hide-powered-by": "^1.1.0",
        "helmet-hsts": "^1.1.0",
        "helmet-ie-no-open": "^1.1.0",
        "helmet-no-sniff": "^1.1.0",
        "helmet-permitted-cross-domain-policies": "^1.1.0",
        "helmet-referrer-policy": "^1.1.0",
        "helmet-xss-filter": "^1.1.0"
      }
    },
    "node_modules/socket.io": {
      "version": "4.7.4",
      "resolved": "https://registry.npmjs.org/socket.io/-/socket.io-4.7.4.tgz",
      "integrity": "sha512-+p0bSm2FOMoQhEFwmvkgmS5mkGlO6xSXzitpEIf7Ttx8Dy/daZTxk3ZW1iwsI7Neoqs52m5aodXdFI/56JQ==",
      "dependencies": {
        "accepts": "~1.3.8",
        "base64id": "~2.0.0",
        "cors": "^2.8.5",
        "debug": "~4.3.4",
        "engine.io": "~6.5.1",
        "socket.io-adapter": "~2.5.2",
        "socket.io-parser": "~4.2.4"
      },
      "engines": {
        "node": ">=10.0.0"
      }
    }
  }
}
